github.com/davecgh/go-spew v1.1.1 h1:vj9j/u1bqnvCEfJOwUhtlOARqs3+rkHYY13jYWTU97c=
github.com/davecgh/go-spew v1.1.1/go.mod h1:J7Y8YcW2NihsgmVo/mv3lAwl/skON4iLHjSsI+c5H38=
github.com/pawelgaczynski/giouring v0.0.0-20230826085535-69588b89acb9 h1:Cu/CW2nKeqXinVjf5Bq1FeBD4jWG/msC5UazjjgAvsU=
github.com/pawelgaczynski/giouring v0.0.0-20230826085535-69588b89acb9/go.mod h1:HwOQqYv/WE3RMp4iTQsS6ou8WP3wKO9UXD0oDqB3NPU=
github.com/pmezard/go-difflib v1.0.0 h1:4DBwDE0NGyQoBHbLQYPwSUPoCMWR5BEzIk/f1lZbAQM=
github.com/pmezard/go-difflib v1.0.0/go.mod h1:iKH77koFhYxTK1pcRnkKkqfTogsbg7gZNVY4sRDYZ/4=
github.com/prr123/utility v0.0.0-20231104170703-2ff901724534 h1:48hxE+jXn2NPoLs5G++GAGE5noCNtUlple6jhmnwG0U=
github.com/prr123/utility v0.0.0-20231104170703-2ff901724534/go.mod h1:dJlEcbehgFOUuQ6D0iV9F7GnFxE3sjyss8uqgwQWqDI=
github.com/stretchr/testify v1.8.4 h1:CcVxjf3Q8PM0mHUKJCdn+eZZtm5yQwehR5yeSVQQcUk=
github.com/stretchr/testify v1.8.4/go.mod h1:sz/lmYIOXD/1dqDmKjjqLyZ2RngseejIcXlSw2iwfAo=
golang.org/x/sys v0.10.0 h1:SqMFp9UcQJZa+pmYuAKjd9xq1f0j5rLcDIk0mj4qAsA=
golang.org/x/sys v0.10.0/go.mod h1:oPkhp1MJrh7nUepCBck5+mAzfO9JrbApNNgaTdGDITg=
gopkg.in/yaml.v3 v3.0.1 h1:fxVm/GzAzEWqLHuvctI91KS9hhNmmWOoWu0XTYJS7CA=
gopkg.in/yaml.v3 v3.0.1/go.mod h1:K4uyk7z7BCEPqu6E+C64Yfv1cQ7kz7rIZviUmN+EgEM=
